// !$*UTF8*$!
{
	archiveVersion = 1;
	classes = {
	};
	objectVersion = 50;
	objects = {

/* Begin PBXBuildFile section */
		774427F7254FAEA3002F8EB4 /* AppDelegate.swift in Sources */ = {isa = PBXBuildFile; fileRef = 774427F6254FAEA3002F8EB4 /* AppDelegate.swift */; };
		774427F9254FAEA3002F8EB4 /* SceneDelegate.swift in Sources */ = {isa = PBXBuildFile; fileRef = 774427F8254FAEA3002F8EB4 /* SceneDelegate.swift */; };
		774427FB254FAEA3002F8EB4 /* ViewController.swift in Sources */ = {isa = PBXBuildFile; fileRef = 774427FA254FAEA3002F8EB4 /* ViewController.swift */; };
		774427FE254FAEA3002F8EB4 /* Main.storyboard in Resources */ = {isa = PBXBuildFile; fileRef = 774427FC254FAEA3002F8EB4 /* Main.storyboard */; };
		77442800254FAEA7002F8EB4 /* Assets.xcassets in Resources */ = {isa = PBXBuildFile; fileRef = 774427FF254FAEA7002F8EB4 /* Assets.xcassets */; };
		77442803254FAEA7002F8EB4 /* LaunchScreen.storyboard in Resources */ = {isa = PBXBuildFile; fileRef = 77442801254FAEA7002F8EB4 /* LaunchScreen.storyboard */; };
		7744280B254FB869002F8EB4 /* UIView+shortHandle.swift in Sources */ = {isa = PBXBuildFile; fileRef = 7744280A254FB869002F8EB4 /* UIView+shortHandle.swift */; };
		77442810254FF741002F8EB4 /* NestViewController.swift in Sources */ = {isa = PBXBuildFile; fileRef = 7744280F254FF741002F8EB4 /* NestViewController.swift */; };
		77442813254FFB0D002F8EB4 /* CustomPresentationController.swift in Sources */ = {isa = PBXBuildFile; fileRef = 77442812254FFB0D002F8EB4 /* CustomPresentationController.swift */; };
		774428162550013C002F8EB4 /* UnfoldGraduallyAnimator.swift in Sources */ = {isa = PBXBuildFile; fileRef = 774428152550013C002F8EB4 /* UnfoldGraduallyAnimator.swift */; };
/* End PBXBuildFile section */

/* Begin PBXFileReference section */
		774427F3254FAEA3002F8EB4 /* ASTTransition.app */ = {isa = PBXFileReference; explicitFileType = wrapper.application; includeInIndex = 0; path = ASTTransition.app; sourceTree = BUILT_PRODUCTS_DIR; };
		774427F6254FAEA3002F8EB4 /* AppDelegate.swift */ = {isa = PBXFileReference; lastKnownFileType = sourcecode.swift; path = AppDelegate.swift; sourceTree = "<group>"; };
		774427F8254FAEA3002F8EB4 /* SceneDelegate.swift */ = {isa = PBXFileReference; lastKnownFileType = sourcecode.swift; path = SceneDelegate.swift; sourceTree = "<group>"; };
		774427FA254FAEA3002F8EB4 /* ViewController.swift */ = {isa = PBXFileReference; lastKnownFileType = sourcecode.swift; path = ViewController.swift; sourceTree = "<group>"; };
		774427FD254FAEA3002F8EB4 /* Base */ = {isa = PBXFileReference; lastKnownFileType = file.storyboard; name = Base; path = Base.lproj/Main.storyboard; sourceTree = "<group>"; };
		774427FF254FAEA7002F8EB4 /* Assets.xcassets */ = {isa = PBXFileReference; lastKnownFileType = folder.assetcatalog; path = Assets.xcassets; sourceTree = "<group>"; };
		77442802254FAEA7002F8EB4 /* Base */ = {isa = PBXFileReference; lastKnownFileType = file.storyboard; name = Base; path = Base.lproj/LaunchScreen.storyboard; sourceTree = "<group>"; };
		77442804254FAEA7002F8EB4 /* Info.plist */ = {isa = PBXFileReference; lastKnownFileType = text.plist.xml; path = Info.plist; sourceTree = "<group>"; };
		7744280A254FB869002F8EB4 /* UIView+shortHandle.swift */ = {isa = PBXFileReference; lastKnownFileType = sourcecode.swift; path = "UIView+shortHandle.swift"; sourceTree = "<group>"; };
		7744280F254FF741002F8EB4 /* NestViewController.swift */ = {isa = PBXFileReference; lastKnownFileType = sourcecode.swift; path = NestViewController.swift; sourceTree = "<group>"; };
		77442812254FFB0D002F8EB4 /* CustomPresentationController.swift */ = {isa = PBXFileReference; lastKnownFileType = sourcecode.swift; path = CustomPresentationController.swift; sourceTree = "<group>"; };
		774428152550013C002F8EB4 /* UnfoldGraduallyAnimator.swift */ = {isa = PBXFileReference; lastKnownFileType = sourcecode.swift; path = UnfoldGraduallyAnimator.swift; sourceTree = "<group>"; };
/* End PBXFileReference section */

/* Begin PBXFrameworksBuildPhase section */
		774427F0254FAEA3002F8EB4 /* Frameworks */ = {
			isa = PBXFrameworksBuildPhase;
			buildActionMask = 2147483647;
			files = (
			);
			runOnlyForDeploymentPostprocessing = 0;
		};
/* End PBXFrameworksBuildPhase section */

/* Begin PBXGroup section */
		774427EA254FAEA3002F8EB4 = {
			isa = PBXGroup;
			children = (
				774427F5254FAEA3002F8EB4 /* ASTTransition */,
				774427F4254FAEA3002F8EB4 /* Products */,
			);
			sourceTree = "<group>";
		};
		774427F4254FAEA3002F8EB4 /* Products */ = {
			isa = PBXGroup;
			children = (
				774427F3254FAEA3002F8EB4 /* ASTTransition.app */,
			);
			name = Products;
			sourceTree = "<group>";
		};
		774427F5254FAEA3002F8EB4 /* ASTTransition */ = {
			isa = PBXGroup;
			children = (
				7744281425500123002F8EB4 /* Animator */,
				77442811254FFADB002F8EB4 /* Presentation */,
				7744280E254FF726002F8EB4 /* Extension */,
				774427F6254FAEA3002F8EB4 /* AppDelegate.swift */,
				774427F8254FAEA3002F8EB4 /* SceneDelegate.swift */,
				774427FA254FAEA3002F8EB4 /* ViewController.swift */,
				7744280F254FF741002F8EB4 /* NestViewController.swift */,
				774427FC254FAEA3002F8EB4 /* Main.storyboard */,
				774427FF254FAEA7002F8EB4 /* Assets.xcassets */,
				77442801254FAEA7002F8EB4 /* LaunchScreen.storyboard */,
				77442804254FAEA7002F8EB4 /* Info.plist */,
			);
			path = ASTTransition;
			sourceTree = "<group>";
		};
		7744280E254FF726002F8EB4 /* Extension */ = {
			isa = PBXGroup;
			children = (
				7744280A254FB869002F8EB4 /* UIView+shortHandle.swift */,
			);
			path = Extension;
			sourceTree = "<group>";
		};
		77442811254FFADB002F8EB4 /* Presentation */ = {
			isa = PBXGroup;
			children = (
				77442812254FFB0D002F8EB4 /* CustomPresentationController.swift */,
			);
			path = Presentation;
			sourceTree = "<group>";
		};
		7744281425500123002F8EB4 /* Animator */ = {
			isa = PBXGroup;
			children = (
				774428152550013C002F8EB4 /* UnfoldGraduallyAnimator.swift */,
			);
			path = Animator;
			sourceTree = "<group>";
		};
/* End PBXGroup section */

/* Begin PBXNativeTarget section */
		774427F2254FAEA3002F8EB4 /* ASTTransition */ = {
			isa = PBXNativeTarget;
			buildConfigurationList = 77442807254FAEA7002F8EB4 /* Build configuration list for PBXNativeTarget "ASTTransition" */;
			buildPhases = (
				774427EF254FAEA3002F8EB4 /* Sources */,
				774427F0254FAEA3002F8EB4 /* Frameworks */,
				774427F1254FAEA3002F8EB4 /* Resources */,
			);
			buildRules = (
			);
			dependencies = (
			);
			name = ASTTransition;
			productName = ASTTransition;
			productReference = 774427F3254FAEA3002F8EB4 /* ASTTransition.app */;
			productType = "com.apple.product-type.application";
		};
/* End PBXNativeTarget section */

/* Begin PBXProject section */
		774427EB254FAEA3002F8EB4 /* Project object */ = {
			isa = PBXProject;
			attributes = {
				LastSwiftUpdateCheck = 1110;
				LastUpgradeCheck = 1110;
				ORGANIZATIONNAME = ShevaKuilin;
				TargetAttributes = {
					774427F2254FAEA3002F8EB4 = {
						CreatedOnToolsVersion = 11.1;
					};
				};
			};
			buildConfigurationList = 774427EE254FAEA3002F8EB4 /* Build configuration list for PBXProject "ASTTransition" */;
			compatibilityVersion = "Xcode 9.3";
			developmentRegion = en;
			hasScannedForEncodings = 0;
			knownRegions = (
				en,
				Base,
			);
			mainGroup = 774427EA254FAEA3002F8EB4;
			productRefGroup = 774427F4254FAEA3002F8EB4 /* Products */;
			projectDirPath = "";
			projectRoot = "";
			targets = (
				774427F2254FAEA3002F8EB4 /* ASTTransition */,
			);
		};
/* End PBXProject section */

/* Begin PBXResourcesBuildPhase section */
		774427F1254FAEA3002F8EB4 /* Resources */ = {
			isa = PBXResourcesBuildPhase;
			buildActionMask = 2147483647;
			files = (
				77442803254FAEA7002F8EB4 /* LaunchScreen.storyboard in Resources */,
				77442800254FAEA7002F8EB4 /* Assets.xcassets in Resources */,
				774427FE254FAEA3002F8EB4 /* Main.storyboard in Resources */,
			);
			runOnlyForDeploymentPostprocessing = 0;
		};
/* End PBXResourcesBuildPhase section */

/* Begin PBXSourcesBuildPhase section */
		774427EF254FAEA3002F8EB4 /* Sources */ = {
			isa = PBXSourcesBuildPhase;
			buildActionMask = 2147483647;
			files = (
				77442810254FF741002F8EB4 /* NestViewController.swift in Sources */,
				774427FB254FAEA3002F8EB4 /* ViewController.swift in Sources */,
				774428162550013C002F8EB4 /* UnfoldGraduallyAnimator.swift in Sources */,
				77442813254FFB0D002F8EB4 /* CustomPresentationController.swift in Sources */,
				774427F7254FAEA3002F8EB4 /* AppDelegate.swift in Sources */,
				774427F9254FAEA3002F8EB4 /* SceneDelegate.swift in Sources */,
				7744280B254FB869002F8EB4 /* UIView+shortHandle.swift in Sources */,
			);
			runOnlyForDeploymentPostprocessing = 0;
		};
/* End PBXSourcesBuildPhase section */

/* Begin PBXVariantGroup section */
		774427FC254FAEA3002F8EB4 /* Main.storyboard */ = {
			isa = PBXVariantGroup;
			children = (
				774427FD254FAEA3002F8EB4 /* Base */,
			);
			name = Main.storyboard;
			sourceTree = "<group>";
		};
		77442801254FAEA7002F8EB4 /* LaunchScreen.storyboard */ = {
			isa = PBXVariantGroup;
			children = (
				77442802254FAEA7002F8EB4 /* Base */,
			);
			name = LaunchScreen.storyboard;
			sourceTree = "<group>";
		};
/* End PBXVariantGroup section */

/* Begin XCBuildConfiguration section */
		77442805254FAEA7002F8EB4 /* Debug */ = {
			isa = XCBuildConfiguration;
			buildSettings = {
				ALWAYS_SEARCH_USER_PATHS = NO;
				CLANG_ANALYZER_NONNULL = YES;
				CLANG_ANALYZER_NUMBER_OBJECT_CONVERSION = YES_AGGRESSIVE;
				CLANG_CXX_LANGUAGE_STANDARD = "gnu++14";
				CLANG_CXX_LIBRARY = "libc++";
				CLANG_ENABLE_MODULES = YES;
				CLANG_ENABLE_OBJC_ARC = YES;
				CLANG_ENABLE_OBJC_WEAK = YES;
				CLANG_WARN_BLOCK_CAPTURE_AUTORELEASING = YES;
				CLANG_WARN_BOOL_CONVERSION = YES;
				CLANG_WARN_COMMA = YES;
				CLANG_WARN_CONSTANT_CONVERSION = YES;
				CLANG_WARN_DEPRECATED_OBJC_IMPLEMENTATIONS = YES;
				CLANG_WARN_DIRECT_OBJC_ISA_USAGE = YES_ERROR;
				CLANG_WARN_DOCUMENTATION_COMMENTS = YES;
				CLANG_WARN_EMPTY_BODY = YES;
				CLANG_WARN_ENUM_CONVERSION = YES;
				CLANG_WARN_INFINITE_RECURSION = YES;
				CLANG_WARN_INT_CONVERSION = YES;
				CLANG_WARN_NON_LITERAL_NULL_CONVERSION = YES;
				CLANG_WARN_OBJC_IMPLICIT_RETAIN_SELF = YES;
				CLANG_WARN_OBJC_LITERAL_CONVERSION = YES;
				CLANG_WARN_OBJC_ROOT_CLASS = YES_ERROR;
				CLANG_WARN_RANGE_LOOP_ANALYSIS = YES;
				CLANG_WARN_STRICT_PROTOTYPES = YES;
				CLANG_WARN_SUSPICIOUS_MOVE = YES;
				CLANG_WARN_UNGUARDED_AVAILABILITY = YES_AGGRESSIVE;
				CLANG_WARN_UNREACHABLE_CODE = YES;
				CLANG_WARN__DUPLICATE_METHOD_MATCH = YES;
				COPY_PHASE_STRIP = NO;
				DEBUG_INFORMATION_FORMAT = dwarf;
				ENABLE_STRICT_OBJC_MSGSEND = YES;
				ENABLE_TESTABILITY = YES;
				GCC_C_LANGUAGE_STANDARD = gnu11;
				GCC_DYNAMIC_NO_PIC = NO;
				GCC_NO_COMMON_BLOCKS = YES;
				GCC_OPTIMIZATION_LEVEL = 0;
				GCC_PREPROCESSOR_DEFINITIONS = (
					"DEBUG=1",
					"$(inherited)",
				);
				GCC_WARN_64_TO_32_BIT_CONVERSION = YES;
				GCC_WARN_ABOUT_RETURN_TYPE = YES_ERROR;
				GCC_WARN_UNDECLARED_SELECTOR = YES;
				GCC_WARN_UNINITIALIZED_AUTOS = YES_AGGRESSIVE;
				GCC_WARN_UNUSED_FUNCTION = YES;
				GCC_WARN_UNUSED_VARIABLE = YES;
				IPHONEOS_DEPLOYMENT_TARGET = 13.1;
				MTL_ENABLE_DEBUG_INFO = INCLUDE_SOURCE;
				MTL_FAST_MATH = YES;
				ONLY_ACTIVE_ARCH = YES;
				SDKROOT = iphoneos;
				SWIFT_ACTIVE_COMPILATION_CONDITIONS = DEBUG;
				SWIFT_OPTIMIZATION_LEVEL = "-Onone";
			};
			name = Debug;
		};
		77442806254FAEA7002F8EB4 /* Release */ = {
			isa = XCBuildConfiguration;
			buildSettings = {
				ALWAYS_SEARCH_USER_PATHS = NO;
				CLANG_ANALYZER_NONNULL = YES;
				CLANG_ANALYZER_NUMBER_OBJECT_CONVERSION = YES_AGGRESSIVE;
				CLANG_CXX_LANGUAGE_STANDARD = "gnu++14";
				CLANG_CXX_LIBRARY = "libc++";
				CLANG_ENABLE_MODULES = YES;
				CLANG_ENABLE_OBJC_ARC = YES;
				CLANG_ENABLE_OBJC_WEAK = YES;
				CLANG_WARN_BLOCK_CAPTURE_AUTORELEASING = YES;
				CLANG_WARN_BOOL_CONVERSION = YES;
				CLANG_WARN_COMMA = YES;
				CLANG_WARN_CONSTANT_CONVERSION = YES;
				CLANG_WARN_DEPRECATED_OBJC_IMPLEMENTATIONS = YES;
				CLANG_WARN_DIRECT_OBJC_ISA_USAGE = YES_ERROR;
				CLANG_WARN_DOCUMENTATION_COMMENTS = YES;
				CLANG_WARN_EMPTY_BODY = YES;
				CLANG_WARN_ENUM_CONVERSION = YES;
				CLANG_WARN_INFINITE_RECURSION = YES;
				CLANG_WARN_INT_CONVERSION = YES;
				CLANG_WARN_NON_LITERAL_NULL_CONVERSION = YES;
				CLANG_WARN_OBJC_IMPLICIT_RETAIN_SELF = YES;
				CLANG_WARN_OBJC_LITERAL_CONVERSION = YES;
				CLANG_WARN_OBJC_ROOT_CLASS = YES_ERROR;
				CLANG_WARN_RANGE_LOOP_ANALYSIS = YES;
				CLANG_WARN_STRICT_PROTOTYPES = YES;
				CLANG_WARN_SUSPICIOUS_MOVE = YES;
				CLANG_WARN_UNGUARDED_AVAILABILITY = YES_AGGRESSIVE;
				CLANG_WARN_UNREACHABLE_CODE = YES;
				CLANG_WARN__DUPLICATE_METHOD_MATCH = YES;
				COPY_PHASE_STRIP = NO;
				DEBUG_INFORMATION_FORMAT = "dwarf-with-dsym";
				ENABLE_NS_ASSERTIONS = NO;
				ENABLE_STRICT_OBJC_MSGSEND = YES;
				GCC_C_LANGUAGE_STANDARD = gnu11;
				GCC_NO_COMMON_BLOCKS = YES;
				GCC_WARN_64_TO_32_BIT_CONVERSION = YES;
				GCC_WARN_ABOUT_RETURN_TYPE = YES_ERROR;
				GCC_WARN_UNDECLARED_SELECTOR = YES;
				GCC_WARN_UNINITIALIZED_AUTOS = YES_AGGRESSIVE;
				GCC_WARN_UNUSED_FUNCTION = YES;
				GCC_WARN_UNUSED_VARIABLE = YES;
				IPHONEOS_DEPLOYMENT_TARGET = 13.1;
				MTL_ENABLE_DEBUG_INFO = NO;
				MTL_FAST_MATH = YES;
				SDKROOT = iphoneos;
				SWIFT_COMPILATION_MODE = wholemodule;
				SWIFT_OPTIMIZATION_LEVEL = "-O";
				VALIDATE_PRODUCT = YES;
			};
			name = Release;
		};
		77442808254FAEA7002F8EB4 /* Debug */ = {
			isa = XCBuildConfiguration;
			buildSettings = {
				ASSETCATALOG_COMPILER_APPICON_NAME = AppIcon;
				CODE_SIGN_STYLE = Automatic;
				INFOPLIST_FILE = ASTTransition/Info.plist;
				LD_RUNPATH_SEARCH_PATHS = (
					"$(inherited)",
					"@executable_path/Frameworks",
				);
				PRODUCT_BUNDLE_IDENTIFIER = ShevaKuilin.ASTTransition;
				PRODUCT_NAME = "$(TARGET_NAME)";
				SWIFT_VERSION = 5.0;
				TARGETED_DEVICE_FAMILY = "1,2";
			};
			name = Debug;
		};
		77442809254FAEA7002F8EB4 /* Release */ = {
			isa = XCBuildConfiguration;
			buildSettings = {
				ASSETCATALOG_COMPILER_APPICON_NAME = AppIcon;
				CODE_SIGN_STYLE = Automatic;
				INFOPLIST_FILE = ASTTransition/Info.plist;
				LD_RUNPATH_SEARCH_PATHS = (
					"$(inherited)",
					"@executable_path/Frameworks",
				);
				PRODUCT_BUNDLE_IDENTIFIER = ShevaKuilin.ASTTransition;
				PRODUCT_NAME = "$(TARGET_NAME)";
				SWIFT_VERSION = 5.0;
				TARGETED_DEVICE_FAMILY = "1,2";
			};
			name = Release;
		};
/* End XCBuildConfiguration section */

/* Begin XCConfigurationList section */
		774427EE254FAEA3002F8EB4 /* Build configuration list for PBXProject "ASTTransition" */ = {
			isa = XCConfigurationList;
			buildConfigurations = (
				77442805254FAEA7002F8EB4 /* Debug */,
				77442806254FAEA7002F8EB4 /* Release */,
			);
			defaultConfigurationIsVisible = 0;
			defaultConfigurationName = Release;
		};
		77442807254FAEA7002F8EB4 /* Build configuration list for PBXNativeTarget "ASTTransition" */ = {
			isa = XCConfigurationList;
			buildConfigurations = (
				77442808254FAEA7002F8EB4 /* Debug */,
				77442809254FAEA7002F8EB4 /* Release */,
			);
			defaultConfigurationIsVisible = 0;
			defaultConfigurationName = Release;
		};
/* End XCConfigurationList section */
	};
	rootObject = 774427EB254FAEA3002F8EB4 /* Project object */;
}
